
Microsoft Visual Studio Solution File, Format Version 12.00
# Visual Studio Version 16
VisualStudioVersion = 16.0.31129.286
MinimumVisualStudioVersion = 10.0.40219.1
Project("{9A19103F-16F7-4668-BE54-9A1E7A4F7556}") = "StateMachine.Demo", "StateMachine.Demo\StateMachine.Demo.csproj", "{72778624-0120-42A4-ACC9-EC4B6C0FBF0D}"
EndProject
Project("{FAE04EC0-301F-11D3-BF4B-00C04F79EFBC}") = "StateMachine.Lib", "StateMachine.Lib\StateMachine.Lib.csproj", "{7694B9DB-EC3E-4EA9-A894-E2CE0C765337}"
EndProject
Global
	GlobalSection(SolutionConfigurationPlatforms) = preSolution
		Debug|Any CPU = Debug|Any CPU
		Release|Any CPU = Release|Any CPU
	EndGlobalSection
	GlobalSection(ProjectConfigurationPlatforms) = postSolution
		{72778624-0120-42A4-ACC9-EC4B6C0FBF0D}.Debug|Any CPU.ActiveCfg = Debug|Any CPU
		{72778624-0120-42A4-ACC9-EC4B6C0FBF0D}.Debug|Any CPU.Build.0 = Debug|Any CPU
		{72778624-0120-42A4-ACC9-EC4B6C0FBF0D}.Release|Any CPU.ActiveCfg = Release|Any CPU
		{72778624-0120-42A4-ACC9-EC4B6C0FBF0D}.Release|Any CPU.Build.0 = Release|Any CPU
		{7694B9DB-EC3E-4EA9-A894-E2CE0C765337}.Debug|Any CPU.ActiveCfg = Debug|Any CPU
		{7694B9DB-EC3E-4EA9-A894-E2CE0C765337}.Debug|Any CPU.Build.0 = Debug|Any CPU
		{7694B9DB-EC3E-4EA9-A894-E2CE0C765337}.Release|Any CPU.ActiveCfg = Release|Any CPU
		{7694B9DB-EC3E-4EA9-A894-E2CE0C765337}.Release|Any CPU.Build.0 = Release|Any CPU
	EndGlobalSection
	GlobalSection(SolutionProperties) = preSolution
		HideSolutionNode = FALSE
	EndGlobalSection
	GlobalSection(ExtensibilityGlobals) = postSolution
		SolutionGuid = {48E8F797-D320-4AA2-A44C-0D1945A44B7E}
	EndGlobalSection
EndGlobal
